
Microsoft Visual Studio Solution File, Format Version 12.00
# Visual Studio Version 17
VisualStudioVersion = 17.11.35303.130
MinimumVisualStudioVersion = 10.0.40219.1
Project("{2150E333-8FDC-42A3-9474-1A3956D46DE8}") = "Task0", "Task0", "{DDE4A40F-63F4-486C-9BBA-5515D24AEEF8}"
EndProject
Project("{9A19103F-16F7-4668-BE54-9A1E7A4F7556}") = "Tyuiu.BondarevTK.Sprint4.Task0.V13", "Tyuiu.BondarevTK.Sprint4.Task0.V13\Tyuiu.BondarevTK.Sprint4.Task0.V13.csproj", "{30202A55-6D30-4C5F-8E26-4A0664D1482E}"
EndProject
Project("{9A19103F-16F7-4668-BE54-9A1E7A4F7556}") = "Tyuiu.BondarevTK.Sprint4.Task0.V13.Lib", "Tyuiu.BondarevTK.Sprint4.Task0.V13.Lib\Tyuiu.BondarevTK.Sprint4.Task0.V13.Lib.csproj", "{4CFE4F40-09AD-4D3D-9816-DBE456B0DF5A}"
EndProject
Project("{9A19103F-16F7-4668-BE54-9A1E7A4F7556}") = "Tyuiu.BondarevTK.Sprint4.Task0.V13.Test", "Tyuiu.BondarevTK.Sprint4.Task0.V13.Test\Tyuiu.BondarevTK.Sprint4.Task0.V13.Test.csproj", "{9612E94D-9A82-446D-B796-0068CAF63BFC}"
EndProject
Project("{2150E333-8FDC-42A3-9474-1A3956D46DE8}") = "Task1", "Task1", "{E2F4C0F8-3E1A-4D56-9997-DAB3C4DB3926}"
EndProject
Project("{9A19103F-16F7-4668-BE54-9A1E7A4F7556}") = "Tyuiu.BondarevTK.Sprint4.Task1.V22", "Tyuiu.BondarevTK.Sprint4.Task1.V22\Tyuiu.BondarevTK.Sprint4.Task1.V22.csproj", "{470457E6-ED7A-42B4-8E17-07E58FEDC3B0}"
EndProject
Project("{9A19103F-16F7-4668-BE54-9A1E7A4F7556}") = "Tyuiu.BondarevTK.Sprint4.Task1.V22.Test", "Tyuiu.BondarevTK.Sprint4.Task1.V22.Test\Tyuiu.BondarevTK.Sprint4.Task1.V22.Test.csproj", "{E2EC1B01-4F82-4E60-A4AF-52F103D8086C}"
EndProject
Project("{9A19103F-16F7-4668-BE54-9A1E7A4F7556}") = "Tyuiu.BondarevTK.Sprint4.Task1.V22.Lib", "Tyuiu.BondarevTK.Sprint4.Task1.V22.Lib\Tyuiu.BondarevTK.Sprint4.Task1.V22.Lib.csproj", "{443C9F25-D4AB-4307-B51C-CBC73D2CC7D4}"
EndProject
Project("{2150E333-8FDC-42A3-9474-1A3956D46DE8}") = "Task2", "Task2", "{869CBC01-5318-440E-87E0-8CD91CD4751D}"
EndProject
Project("{9A19103F-16F7-4668-BE54-9A1E7A4F7556}") = "Tyuiu.BondarevTK.Sprint4.Task2.V1", "Tyuiu.BondarevTK.Sprint4.Task2.V1\Tyuiu.BondarevTK.Sprint4.Task2.V1.csproj", "{F75D98B9-BFD6-4CEC-96A1-12C853442AFB}"
EndProject
Project("{9A19103F-16F7-4668-BE54-9A1E7A4F7556}") = "Tyuiu.BondarevTK.Sprint4.Task2.V1.Lib", "Tyuiu.BondarevTK.Sprint4.Task2.V1.Lib\Tyuiu.BondarevTK.Sprint4.Task2.V1.Lib.csproj", "{BEF3779A-F80A-4ECE-B991-E574655E32EF}"
EndProject
Project("{9A19103F-16F7-4668-BE54-9A1E7A4F7556}") = "Tyuiu.BondarevTK.Sprint4.Task2.V1.Test", "Tyuiu.BondarevTK.Sprint4.Task2.V1.Test\Tyuiu.BondarevTK.Sprint4.Task2.V1.Test.csproj", "{5E07575A-A237-4D12-8ADC-3CEED581EBFA}"
EndProject
Project("{2150E333-8FDC-42A3-9474-1A3956D46DE8}") = "Task3", "Task3", "{E6D0EDB5-2D5C-47B6-802A-8754F881168B}"
EndProject
Project("{9A19103F-16F7-4668-BE54-9A1E7A4F7556}") = "Tyuiu.BondarevTK.Sprint4.Task3.V9", "Tyuiu.BondarevTK.Sprint4.Task3.V9\Tyuiu.BondarevTK.Sprint4.Task3.V9.csproj", "{761F7405-01A8-48F3-83B2-E3B84E15AA18}"
EndProject
Project("{9A19103F-16F7-4668-BE54-9A1E7A4F7556}") = "Tyuiu.BondarevTK.Sprint4.Task3.V9.Test", "Tyuiu.BondarevTK.Sprint4.Task3.V9.Test\Tyuiu.BondarevTK.Sprint4.Task3.V9.Test.csproj", "{9FF0654F-AF1D-403B-8AFA-7A56DA37A52E}"
EndProject
Project("{9A19103F-16F7-4668-BE54-9A1E7A4F7556}") = "Tyuiu.BondarevTK.Sprint4.Task3.V9.Lib", "Tyuiu.BondarevTK.Sprint4.Task3.V9.Lib\Tyuiu.BondarevTK.Sprint4.Task3.V9.Lib.csproj", "{9437DC79-E26B-4A61-9326-38FFC54539C4}"
EndProject
Project("{2150E333-8FDC-42A3-9474-1A3956D46DE8}") = "Task4", "Task4", "{DB233321-A55D-4195-BF19-30EE4921A870}"
EndProject
Project("{FAE04EC0-301F-11D3-BF4B-00C04F79EFBC}") = "Tyuiu.BondarevTK.Sprint4.Task4.V23", "Tyuiu.BondarevTK.Sprint4.Task4.V23\Tyuiu.BondarevTK.Sprint4.Task4.V23.csproj", "{807614AC-B850-45F7-AD32-2BD52601C67E}"
EndProject
Project("{FAE04EC0-301F-11D3-BF4B-00C04F79EFBC}") = "Tyuiu.BondarevTK.Sprint4.Task4.V23.Lib", "Tyuiu.BondarevTK.Sprint4.Task4.V23.Lib\Tyuiu.BondarevTK.Sprint4.Task4.V23.Lib.csproj", "{89A1771D-FAD0-4A05-8D26-A9382ABFBFDE}"
EndProject
Project("{FAE04EC0-301F-11D3-BF4B-00C04F79EFBC}") = "Tyuiu.BondarevTK.Sprint4.Task4.V23.Test", "Tyuiu.BondarevTK.Sprint4.Task4.V23.Test\Tyuiu.BondarevTK.Sprint4.Task4.V23.Test.csproj", "{4FEBF467-3404-4E00-BEF9-7CA6347A0249}"
EndProject
Project("{2150E333-8FDC-42A3-9474-1A3956D46DE8}") = "Task5", "Task5", "{3CB96D70-1B17-4643-91DD-75B7BEBB6D53}"
EndProject
Project("{FAE04EC0-301F-11D3-BF4B-00C04F79EFBC}") = "Tyuiu.BondarevTK.Sprint4.Task5.V12", "Tyuiu.BondarevTK.Sprint4.Task5.V12\Tyuiu.BondarevTK.Sprint4.Task5.V12.csproj", "{5979855A-7BEF-4296-9B4C-0EF87C47459F}"
EndProject
Project("{FAE04EC0-301F-11D3-BF4B-00C04F79EFBC}") = "Tyuiu.BondarevTK.Sprint4.Task5.V12.Test", "Tyuiu.BondarevTK.Sprint4.Task5.V12.Test\Tyuiu.BondarevTK.Sprint4.Task5.V12.Test.csproj", "{5F1DF47D-F0B4-4028-87BB-02915835BDC0}"
EndProject
Project("{FAE04EC0-301F-11D3-BF4B-00C04F79EFBC}") = "Tyuiu.BondarevTK.Sprint4.Task5.V12.Lib", "Tyuiu.BondarevTK.Sprint4.Task5.V12.Lib\Tyuiu.BondarevTK.Sprint4.Task5.V12.Lib.csproj", "{4C1433AC-E03C-4DA2-85DD-F736AE905B5A}"
EndProject
Project("{2150E333-8FDC-42A3-9474-1A3956D46DE8}") = "Task6", "Task6", "{44EB6930-DBB7-4FE6-ADCF-B981DF1BB3F2}"
EndProject
Project("{FAE04EC0-301F-11D3-BF4B-00C04F79EFBC}") = "Tyuiu.BondarevTK.Sprint4.Task6.V4", "Tyuiu.BondarevTK.Sprint4.Task6.V4\Tyuiu.BondarevTK.Sprint4.Task6.V4.csproj", "{FA39C9B8-9A5A-4F5D-B378-6A4ED652ABD9}"
EndProject
Project("{FAE04EC0-301F-11D3-BF4B-00C04F79EFBC}") = "Tyuiu.BondarevTK.Sprint4.Task6.V4.Lib", "Tyuiu.BondarevTK.Sprint4.Task6.V4.Lib\Tyuiu.BondarevTK.Sprint4.Task6.V4.Lib.csproj", "{C890F730-4C70-4B86-A9DC-3FA6F34B6986}"
EndProject
Project("{FAE04EC0-301F-11D3-BF4B-00C04F79EFBC}") = "Tyuiu.BondarevTK.Sprint4.Task6.V4.Test", "Tyuiu.BondarevTK.Sprint4.Task6.V4.Test\Tyuiu.BondarevTK.Sprint4.Task6.V4.Test.csproj", "{38C82B01-A45B-4310-99D7-452F8F6548F8}"
EndProject
Global
	GlobalSection(SolutionConfigurationPlatforms) = preSolution
		Debug|Any CPU = Debug|Any CPU
		Release|Any CPU = Release|Any CPU
	EndGlobalSection
	GlobalSection(ProjectConfigurationPlatforms) = postSolution
		{30202A55-6D30-4C5F-8E26-4A0664D1482E}.Debug|Any CPU.ActiveCfg = Debug|Any CPU
		{30202A55-6D30-4C5F-8E26-4A0664D1482E}.Debug|Any CPU.Build.0 = Debug|Any CPU
		{30202A55-6D30-4C5F-8E26-4A0664D1482E}.Release|Any CPU.ActiveCfg = Release|Any CPU
		{30202A55-6D30-4C5F-8E26-4A0664D1482E}.Release|Any CPU.Build.0 = Release|Any CPU
		{4CFE4F40-09AD-4D3D-9816-DBE456B0DF5A}.Debug|Any CPU.ActiveCfg = Debug|Any CPU
		{4CFE4F40-09AD-4D3D-9816-DBE456B0DF5A}.Debug|Any CPU.Build.0 = Debug|Any CPU
		{4CFE4F40-09AD-4D3D-9816-DBE456B0DF5A}.Release|Any CPU.ActiveCfg = Release|Any CPU
		{4CFE4F40-09AD-4D3D-9816-DBE456B0DF5A}.Release|Any CPU.Build.0 = Release|Any CPU
		{9612E94D-9A82-446D-B796-0068CAF63BFC}.Debug|Any CPU.ActiveCfg = Debug|Any CPU
		{9612E94D-9A82-446D-B796-0068CAF63BFC}.Debug|Any CPU.Build.0 = Debug|Any CPU
		{9612E94D-9A82-446D-B796-0068CAF63BFC}.Release|Any CPU.ActiveCfg = Release|Any CPU
		{9612E94D-9A82-446D-B796-0068CAF63BFC}.Release|Any CPU.Build.0 = Release|Any CPU
		{470457E6-ED7A-42B4-8E17-07E58FEDC3B0}.Debug|Any CPU.ActiveCfg = Debug|Any CPU
		{470457E6-ED7A-42B4-8E17-07E58FEDC3B0}.Debug|Any CPU.Build.0 = Debug|Any CPU
		{470457E6-ED7A-42B4-8E17-07E58FEDC3B0}.Release|Any CPU.ActiveCfg = Release|Any CPU
		{470457E6-ED7A-42B4-8E17-07E58FEDC3B0}.Release|Any CPU.Build.0 = Release|Any CPU
		{E2EC1B01-4F82-4E60-A4AF-52F103D8086C}.Debug|Any CPU.ActiveCfg = Debug|Any CPU
		{E2EC1B01-4F82-4E60-A4AF-52F103D8086C}.Debug|Any CPU.Build.0 = Debug|Any CPU
		{E2EC1B01-4F82-4E60-A4AF-52F103D8086C}.Release|Any CPU.ActiveCfg = Release|Any CPU
		{E2EC1B01-4F82-4E60-A4AF-52F103D8086C}.Release|Any CPU.Build.0 = Release|Any CPU
		{443C9F25-D4AB-4307-B51C-CBC73D2CC7D4}.Debug|Any CPU.ActiveCfg = Debug|Any CPU
		{443C9F25-D4AB-4307-B51C-CBC73D2CC7D4}.Debug|Any CPU.Build.0 = Debug|Any CPU
		{443C9F25-D4AB-4307-B51C-CBC73D2CC7D4}.Release|Any CPU.ActiveCfg = Release|Any CPU
		{443C9F25-D4AB-4307-B51C-CBC73D2CC7D4}.Release|Any CPU.Build.0 = Release|Any CPU
		{F75D98B9-BFD6-4CEC-96A1-12C853442AFB}.Debug|Any CPU.ActiveCfg = Debug|Any CPU
		{F75D98B9-BFD6-4CEC-96A1-12C853442AFB}.Debug|Any CPU.Build.0 = Debug|Any CPU
		{F75D98B9-BFD6-4CEC-96A1-12C853442AFB}.Release|Any CPU.ActiveCfg = Release|Any CPU
		{F75D98B9-BFD6-4CEC-96A1-12C853442AFB}.Release|Any CPU.Build.0 = Release|Any CPU
		{BEF3779A-F80A-4ECE-B991-E574655E32EF}.Debug|Any CPU.ActiveCfg = Debug|Any CPU
		{BEF3779A-F80A-4ECE-B991-E574655E32EF}.Debug|Any CPU.Build.0 = Debug|Any CPU
		{BEF3779A-F80A-4ECE-B991-E574655E32EF}.Release|Any CPU.ActiveCfg = Release|Any CPU
		{BEF3779A-F80A-4ECE-B991-E574655E32EF}.Release|Any CPU.Build.0 = Release|Any CPU
		{5E07575A-A237-4D12-8ADC-3CEED581EBFA}.Debug|Any CPU.ActiveCfg = Debug|Any CPU
		{5E07575A-A237-4D12-8ADC-3CEED581EBFA}.Debug|Any CPU.Build.0 = Debug|Any CPU
		{5E07575A-A237-4D12-8ADC-3CEED581EBFA}.Release|Any CPU.ActiveCfg = Release|Any CPU
		{5E07575A-A237-4D12-8ADC-3CEED581EBFA}.Release|Any CPU.Build.0 = Release|Any CPU
		{761F7405-01A8-48F3-83B2-E3B84E15AA18}.Debug|Any CPU.ActiveCfg = Debug|Any CPU
		{761F7405-01A8-48F3-83B2-E3B84E15AA18}.Debug|Any CPU.Build.0 = Debug|Any CPU
		{761F7405-01A8-48F3-83B2-E3B84E15AA18}.Release|Any CPU.ActiveCfg = Release|Any CPU
		{761F7405-01A8-48F3-83B2-E3B84E15AA18}.Release|Any CPU.Build.0 = Release|Any CPU
		{9FF0654F-AF1D-403B-8AFA-7A56DA37A52E}.Debug|Any CPU.ActiveCfg = Debug|Any CPU
		{9FF0654F-AF1D-403B-8AFA-7A56DA37A52E}.Debug|Any CPU.Build.0 = Debug|Any CPU
		{9FF0654F-AF1D-403B-8AFA-7A56DA37A52E}.Release|Any CPU.ActiveCfg = Release|Any CPU
		{9FF0654F-AF1D-403B-8AFA-7A56DA37A52E}.Release|Any CPU.Build.0 = Release|Any CPU
		{9437DC79-E26B-4A61-9326-38FFC54539C4}.Debug|Any CPU.ActiveCfg = Debug|Any CPU
		{9437DC79-E26B-4A61-9326-38FFC54539C4}.Debug|Any CPU.Build.0 = Debug|Any CPU
		{9437DC79-E26B-4A61-9326-38FFC54539C4}.Release|Any CPU.ActiveCfg = Release|Any CPU
		{9437DC79-E26B-4A61-9326-38FFC54539C4}.Release|Any CPU.Build.0 = Release|Any CPU
		{807614AC-B850-45F7-AD32-2BD52601C67E}.Debug|Any CPU.ActiveCfg = Debug|Any CPU
		{807614AC-B850-45F7-AD32-2BD52601C67E}.Debug|Any CPU.Build.0 = Debug|Any CPU
		{807614AC-B850-45F7-AD32-2BD52601C67E}.Release|Any CPU.ActiveCfg = Release|Any CPU
		{807614AC-B850-45F7-AD32-2BD52601C67E}.Release|Any CPU.Build.0 = Release|Any CPU
		{89A1771D-FAD0-4A05-8D26-A9382ABFBFDE}.Debug|Any CPU.ActiveCfg = Debug|Any CPU
		{89A1771D-FAD0-4A05-8D26-A9382ABFBFDE}.Debug|Any CPU.Build.0 = Debug|Any CPU
		{89A1771D-FAD0-4A05-8D26-A9382ABFBFDE}.Release|Any CPU.ActiveCfg = Release|Any CPU
		{89A1771D-FAD0-4A05-8D26-A9382ABFBFDE}.Release|Any CPU.Build.0 = Release|Any CPU
		{4FEBF467-3404-4E00-BEF9-7CA6347A0249}.Debug|Any CPU.ActiveCfg = Debug|Any CPU
		{4FEBF467-3404-4E00-BEF9-7CA6347A0249}.Debug|Any CPU.Build.0 = Debug|Any CPU
		{4FEBF467-3404-4E00-BEF9-7CA6347A0249}.Release|Any CPU.ActiveCfg = Release|Any CPU
		{4FEBF467-3404-4E00-BEF9-7CA6347A0249}.Release|Any CPU.Build.0 = Release|Any CPU
		{5979855A-7BEF-4296-9B4C-0EF87C47459F}.Debug|Any CPU.ActiveCfg = Debug|Any CPU
		{5979855A-7BEF-4296-9B4C-0EF87C47459F}.Debug|Any CPU.Build.0 = Debug|Any CPU
		{5979855A-7BEF-4296-9B4C-0EF87C47459F}.Release|Any CPU.ActiveCfg = Release|Any CPU
		{5979855A-7BEF-4296-9B4C-0EF87C47459F}.Release|Any CPU.Build.0 = Release|Any CPU
		{5F1DF47D-F0B4-4028-87BB-02915835BDC0}.Debug|Any CPU.ActiveCfg = Debug|Any CPU
		{5F1DF47D-F0B4-4028-87BB-02915835BDC0}.Debug|Any CPU.Build.0 = Debug|Any CPU
		{5F1DF47D-F0B4-4028-87BB-02915835BDC0}.Release|Any CPU.ActiveCfg = Release|Any CPU
		{5F1DF47D-F0B4-4028-87BB-02915835BDC0}.Release|Any CPU.Build.0 = Release|Any CPU
		{4C1433AC-E03C-4DA2-85DD-F736AE905B5A}.Debug|Any CPU.ActiveCfg = Debug|Any CPU
		{4C1433AC-E03C-4DA2-85DD-F736AE905B5A}.Debug|Any CPU.Build.0 = Debug|Any CPU
		{4C1433AC-E03C-4DA2-85DD-F736AE905B5A}.Release|Any CPU.ActiveCfg = Release|Any CPU
		{4C1433AC-E03C-4DA2-85DD-F736AE905B5A}.Release|Any CPU.Build.0 = Release|Any CPU
		{FA39C9B8-9A5A-4F5D-B378-6A4ED652ABD9}.Debug|Any CPU.ActiveCfg = Debug|Any CPU
		{FA39C9B8-9A5A-4F5D-B378-6A4ED652ABD9}.Debug|Any CPU.Build.0 = Debug|Any CPU
		{FA39C9B8-9A5A-4F5D-B378-6A4ED652ABD9}.Release|Any CPU.ActiveCfg = Release|Any CPU
		{FA39C9B8-9A5A-4F5D-B378-6A4ED652ABD9}.Release|Any CPU.Build.0 = Release|Any CPU
		{C890F730-4C70-4B86-A9DC-3FA6F34B6986}.Debug|Any CPU.ActiveCfg = Debug|Any CPU
		{C890F730-4C70-4B86-A9DC-3FA6F34B6986}.Debug|Any CPU.Build.0 = Debug|Any CPU
		{C890F730-4C70-4B86-A9DC-3FA6F34B6986}.Release|Any CPU.ActiveCfg = Release|Any CPU
		{C890F730-4C70-4B86-A9DC-3FA6F34B6986}.Release|Any CPU.Build.0 = Release|Any CPU
		{38C82B01-A45B-4310-99D7-452F8F6548F8}.Debug|Any CPU.ActiveCfg = Debug|Any CPU
		{38C82B01-A45B-4310-99D7-452F8F6548F8}.Debug|Any CPU.Build.0 = Debug|Any CPU
		{38C82B01-A45B-4310-99D7-452F8F6548F8}.Release|Any CPU.ActiveCfg = Release|Any CPU
		{38C82B01-A45B-4310-99D7-452F8F6548F8}.Release|Any CPU.Build.0 = Release|Any CPU
	EndGlobalSection
	GlobalSection(SolutionProperties) = preSolution
		HideSolutionNode = FALSE
	EndGlobalSection
	GlobalSection(NestedProjects) = preSolution
		{30202A55-6D30-4C5F-8E26-4A0664D1482E} = {DDE4A40F-63F4-486C-9BBA-5515D24AEEF8}
		{4CFE4F40-09AD-4D3D-9816-DBE456B0DF5A} = {DDE4A40F-63F4-486C-9BBA-5515D24AEEF8}
		{9612E94D-9A82-446D-B796-0068CAF63BFC} = {DDE4A40F-63F4-486C-9BBA-5515D24AEEF8}
		{470457E6-ED7A-42B4-8E17-07E58FEDC3B0} = {E2F4C0F8-3E1A-4D56-9997-DAB3C4DB3926}
		{E2EC1B01-4F82-4E60-A4AF-52F103D8086C} = {E2F4C0F8-3E1A-4D56-9997-DAB3C4DB3926}
		{443C9F25-D4AB-4307-B51C-CBC73D2CC7D4} = {E2F4C0F8-3E1A-4D56-9997-DAB3C4DB3926}
		{F75D98B9-BFD6-4CEC-96A1-12C853442AFB} = {869CBC01-5318-440E-87E0-8CD91CD4751D}
		{BEF3779A-F80A-4ECE-B991-E574655E32EF} = {869CBC01-5318-440E-87E0-8CD91CD4751D}
		{5E07575A-A237-4D12-8ADC-3CEED581EBFA} = {869CBC01-5318-440E-87E0-8CD91CD4751D}
		{761F7405-01A8-48F3-83B2-E3B84E15AA18} = {E6D0EDB5-2D5C-47B6-802A-8754F881168B}
		{9FF0654F-AF1D-403B-8AFA-7A56DA37A52E} = {E6D0EDB5-2D5C-47B6-802A-8754F881168B}
		{9437DC79-E26B-4A61-9326-38FFC54539C4} = {E6D0EDB5-2D5C-47B6-802A-8754F881168B}
		{807614AC-B850-45F7-AD32-2BD52601C67E} = {DB233321-A55D-4195-BF19-30EE4921A870}
		{89A1771D-FAD0-4A05-8D26-A9382ABFBFDE} = {DB233321-A55D-4195-BF19-30EE4921A870}
		{4FEBF467-3404-4E00-BEF9-7CA6347A0249} = {DB233321-A55D-4195-BF19-30EE4921A870}
		{5979855A-7BEF-4296-9B4C-0EF87C47459F} = {3CB96D70-1B17-4643-91DD-75B7BEBB6D53}
		{5F1DF47D-F0B4-4028-87BB-02915835BDC0} = {3CB96D70-1B17-4643-91DD-75B7BEBB6D53}
		{4C1433AC-E03C-4DA2-85DD-F736AE905B5A} = {3CB96D70-1B17-4643-91DD-75B7BEBB6D53}
		{FA39C9B8-9A5A-4F5D-B378-6A4ED652ABD9} = {44EB6930-DBB7-4FE6-ADCF-B981DF1BB3F2}
		{C890F730-4C70-4B86-A9DC-3FA6F34B6986} = {44EB6930-DBB7-4FE6-ADCF-B981DF1BB3F2}
		{38C82B01-A45B-4310-99D7-452F8F6548F8} = {44EB6930-DBB7-4FE6-ADCF-B981DF1BB3F2}
	EndGlobalSection
	GlobalSection(ExtensibilityGlobals) = postSolution
		SolutionGuid = {07B4C005-C903-4155-A5AB-A3AB61CCB08B}
	EndGlobalSection
EndGlobal
